
Microsoft Visual Studio Solution File, Format Version 12.00
# Visual Studio Version 17
VisualStudioVersion = 17.2.32630.192
MinimumVisualStudioVersion = 10.0.40219.1
Project("{9A19103F-16F7-4668-BE54-9A1E7A4F7556}") = "MultiThread", "Assignment\MultiThread.csproj", "{FD713003-2759-42F6-9147-16D4F0FB6CCC}"
EndProject
Project("{9A19103F-16F7-4668-BE54-9A1E7A4F7556}") = "ParallalLoop", "ParallalLoop\ParallalLoop.csproj", "{9AB5DF69-0591-4AB1-80FF-6EB6EE6757FF}"
EndProject
Project("{9A19103F-16F7-4668-BE54-9A1E7A4F7556}") = "TaskOnTax", "TaskOnTax\TaskOnTax.csproj", "{AAE640F3-903B-43F3-AF05-5CDAD5023108}"
EndProject
Project("{9A19103F-16F7-4668-BE54-9A1E7A4F7556}") = "BackgrpundThreadDemo", "BackgrpundThreadDemo\BackgrpundThreadDemo.csproj", "{8DA0BAC8-ABC2-4575-BB1D-FEE44C559A88}"
EndProject
Project("{9A19103F-16F7-4668-BE54-9A1E7A4F7556}") = "TaskContinue", "TaskContinue\TaskContinue.csproj", "{D0EE321E-0BFF-48EC-9319-4521A1DB8A67}"
EndProject
Project("{9A19103F-16F7-4668-BE54-9A1E7A4F7556}") = "BankingApplication", "BankingApplication\BankingApplication.csproj", "{16A50D00-6B14-497F-8659-98BD25BFA3CF}"
EndProject
Project("{9A19103F-16F7-4668-BE54-9A1E7A4F7556}") = "BackGroundThreadLINQ", "BackGroundThreadLINQ\BackGroundThreadLINQ.csproj", "{0F080A6F-8F6F-4907-991F-9CD0FDD35F99}"
EndProject
Project("{9A19103F-16F7-4668-BE54-9A1E7A4F7556}") = "CSV", "CSV\CSV.csproj", "{9AD453A3-FA86-4520-A3B9-F4F9D9826FD3}"
EndProject
Project("{9A19103F-16F7-4668-BE54-9A1E7A4F7556}") = "DateTime_Calculation_Demo", "DateTime_Calculation_Demo\DateTime_Calculation_Demo.csproj", "{BFB8A783-F7ED-4966-8196-A485B746D3C1}"
EndProject
Project("{9A19103F-16F7-4668-BE54-9A1E7A4F7556}") = "Demo", "Demo\Demo.csproj", "{741D4DAE-F4C7-4BA1-9BC7-015E201FDE2A}"
EndProject
Project("{9A19103F-16F7-4668-BE54-9A1E7A4F7556}") = "SP_Demo_1", "SP_Demo_1\SP_Demo_1.csproj", "{C2F1CEB2-D74A-4AE8-8469-74513C213676}"
EndProject
Project("{9A19103F-16F7-4668-BE54-9A1E7A4F7556}") = "ADO_DotNet_Disconnected_Architecture_Demo", "ADO_DotNet_Disconnected_Architecture_Demo\ADO_DotNet_Disconnected_Architecture_Demo.csproj", "{D57534E6-C9C6-4003-AC5D-44A88284B4C5}"
EndProject
Project("{2150E333-8FDC-42A3-9474-1A3956D46DE8}") = "Ef_DbFirst", "Ef_DbFirst", "{99AE7C07-8150-470D-9E28-6D1EA015650A}"
EndProject
Project("{9A19103F-16F7-4668-BE54-9A1E7A4F7556}") = "CS_EF_DbFirst", "CS_EF_DbFirst\CS_EF_DbFirst.csproj", "{59D302B7-9DDE-406E-8345-0DA10CF9CA3E}"
EndProject
Project("{2150E333-8FDC-42A3-9474-1A3956D46DE8}") = "Demo_EF_DbFirst_2", "Demo_EF_DbFirst_2", "{DBBB8A58-E29B-44E3-BDEE-BA56212EA8EB}"
EndProject
Project("{9A19103F-16F7-4668-BE54-9A1E7A4F7556}") = "CS_Ef_DbFirst2", "CS_Ef_DbFirst2\CS_Ef_DbFirst2.csproj", "{C560AE63-BD8B-45EC-9383-075FECE345F4}"
EndProject
Project("{2150E333-8FDC-42A3-9474-1A3956D46DE8}") = "EF_ModelFirst", "EF_ModelFirst", "{509F8094-BB22-41F0-9389-7AFB0EE757FF}"
EndProject
Project("{9A19103F-16F7-4668-BE54-9A1E7A4F7556}") = "EF_ModelFirst", "EF_ModelFirst\EF_ModelFirst.csproj", "{24CC91AA-B17C-4C51-88BB-F4B28382ADA2}"
EndProject
Project("{9A19103F-16F7-4668-BE54-9A1E7A4F7556}") = "Demo_2", "Demo_2\Demo_2.csproj", "{8BABD4E4-983D-4FFE-8F87-7200B55FF359}"
EndProject
Project("{9A19103F-16F7-4668-BE54-9A1E7A4F7556}") = "ThreadDemo", "ThreadDemo\ThreadDemo.csproj", "{6250C186-8238-44F7-8B15-07C4D9DD78AF}"
EndProject
Project("{2150E333-8FDC-42A3-9474-1A3956D46DE8}") = "NorthwindDBFirst", "NorthwindDBFirst", "{D1CFBE12-2331-43CE-BC11-D017EC9750D6}"
EndProject
Project("{9A19103F-16F7-4668-BE54-9A1E7A4F7556}") = "NorthwindDBFirst", "NorthwindDBFirst\NorthwindDBFirst.csproj", "{1B5FB6BD-2D6A-4CC1-9998-B02D7E034BFB}"
EndProject
Project("{9A19103F-16F7-4668-BE54-9A1E7A4F7556}") = "Demo4", "Demo4\Demo4.csproj", "{2312D632-B07D-4429-9745-D7E228FD93B3}"
EndProject
Project("{2150E333-8FDC-42A3-9474-1A3956D46DE8}") = "API1", "API1", "{E14AE79E-F57D-494D-839E-B42CBCF06ADD}"
EndProject
Project("{9A19103F-16F7-4668-BE54-9A1E7A4F7556}") = "APIapps", "APIapps\APIapps.csproj", "{E191D1A2-77D9-4E44-910F-A7DFB3E93142}"
EndProject
Project("{9A19103F-16F7-4668-BE54-9A1E7A4F7556}") = "WebApi1", "WebApi1\WebApi1.csproj", "{438881BB-0FD3-4740-BAB7-4727E4C7861E}"
EndProject
Project("{9A19103F-16F7-4668-BE54-9A1E7A4F7556}") = "CS_APIConsumer1", "CS_APIConsumer1\CS_APIConsumer1.csproj", "{A186D277-39A8-42EE-8CED-A6400CE3755C}"
EndProject
Project("{9A19103F-16F7-4668-BE54-9A1E7A4F7556}") = "NorthWindApi1", "NorthWindApi1\NorthWindApi1.csproj", "{B1B61F77-AEC9-4657-86CB-8BE27587B214}"
EndProject
Project("{2150E333-8FDC-42A3-9474-1A3956D46DE8}") = "MVCApps", "MVCApps", "{C2D94052-E999-4F30-9E04-63D3B43328BD}"
EndProject
Project("{9A19103F-16F7-4668-BE54-9A1E7A4F7556}") = "MVCApps", "MVCApps\MVCApps.csproj", "{758396D8-3FC5-464F-8C60-A5DBD683A777}"
EndProject
Project("{9A19103F-16F7-4668-BE54-9A1E7A4F7556}") = "DataAccess", "DataAccess\DataAccess.csproj", "{BE542313-5356-40FF-9B34-3E996E6B798E}"
EndProject
Project("{9A19103F-16F7-4668-BE54-9A1E7A4F7556}") = "MVP1.Entity", "MVP1.Entity\MVP1.Entity.csproj", "{1DCDEAEE-4669-404A-90A6-D96AC93D58D5}"
EndProject
Project("{9A19103F-16F7-4668-BE54-9A1E7A4F7556}") = "MCP1.Reposetery", "MCP1.Reposetery\MCP1.Reposetery.csproj", "{148EECE6-F6D1-4A78-B6F2-19FC23EDCDC0}"
EndProject
Project("{2150E333-8FDC-42A3-9474-1A3956D46DE8}") = "MVCCore_OAS3Client", "MVCCore_OAS3Client", "{E14A5D45-EBCF-44E3-A9A9-4A20ADCEC6D6}"
EndProject
Project("{9A19103F-16F7-4668-BE54-9A1E7A4F7556}") = "MVCCore_OAS3Client", "MVCCore_OAS3Client\MVCCore_OAS3Client.csproj", "{7B483D7C-614A-4FF6-AFAE-68AB1D155CDC}"
EndProject
Project("{2150E333-8FDC-42A3-9474-1A3956D46DE8}") = "MVC_JSClient", "MVC_JSClient", "{E402A391-9684-459A-9D7F-9B42A47ED934}"
EndProject
Project("{9A19103F-16F7-4668-BE54-9A1E7A4F7556}") = "MVC_JSClient", "MVC_JSClient\MVC_JSClient.csproj", "{A9E9C37E-4948-445C-8905-982CD34C7B8B}"
EndProject
Project("{9A19103F-16F7-4668-BE54-9A1E7A4F7556}") = "MVCClient2", "MVCClient2\MVCClient2.csproj", "{C57546CF-86E9-486B-8766-319B6064A350}"
EndProject
Project("{9A19103F-16F7-4668-BE54-9A1E7A4F7556}") = "MySearchConsole", "MySearchConsole\MySearchConsole.csproj", "{EB3A9D7A-598F-422E-89C8-81EEB1FD2B2D}"
EndProject
Project("{9A19103F-16F7-4668-BE54-9A1E7A4F7556}") = "MySearchMVC", "MySearchMVC\MySearchMVC.csproj", "{18990BBB-E98F-4D9C-A947-E45DC1293390}"
EndProject
Project("{9A19103F-16F7-4668-BE54-9A1E7A4F7556}") = "MVCCoreSecurity", "MVCCoreSecurity\MVCCoreSecurity.csproj", "{87F49F13-020C-4159-ABAA-0711F51CA2BB}"
EndProject
Project("{9A19103F-16F7-4668-BE54-9A1E7A4F7556}") = "Security", "Security\Security.csproj", "{4E55C0A2-9E7B-4948-AC5B-64FC345B4875}"
EndProject
Project("{9A19103F-16F7-4668-BE54-9A1E7A4F7556}") = "NetCoreSecurity7", "NetCoreSecurity7\NetCoreSecurity7.csproj", "{B16E5F5D-8618-414B-B771-EAD5BE5E0879}"
EndProject
Global
	GlobalSection(SolutionConfigurationPlatforms) = preSolution
		Debug|Any CPU = Debug|Any CPU
		Release|Any CPU = Release|Any CPU
	EndGlobalSection
	GlobalSection(ProjectConfigurationPlatforms) = postSolution
		{FD713003-2759-42F6-9147-16D4F0FB6CCC}.Debug|Any CPU.ActiveCfg = Debug|Any CPU
		{FD713003-2759-42F6-9147-16D4F0FB6CCC}.Debug|Any CPU.Build.0 = Debug|Any CPU
		{FD713003-2759-42F6-9147-16D4F0FB6CCC}.Release|Any CPU.ActiveCfg = Release|Any CPU
		{FD713003-2759-42F6-9147-16D4F0FB6CCC}.Release|Any CPU.Build.0 = Release|Any CPU
		{9AB5DF69-0591-4AB1-80FF-6EB6EE6757FF}.Debug|Any CPU.ActiveCfg = Debug|Any CPU
		{9AB5DF69-0591-4AB1-80FF-6EB6EE6757FF}.Debug|Any CPU.Build.0 = Debug|Any CPU
		{9AB5DF69-0591-4AB1-80FF-6EB6EE6757FF}.Release|Any CPU.ActiveCfg = Release|Any CPU
		{9AB5DF69-0591-4AB1-80FF-6EB6EE6757FF}.Release|Any CPU.Build.0 = Release|Any CPU
		{AAE640F3-903B-43F3-AF05-5CDAD5023108}.Debug|Any CPU.ActiveCfg = Debug|Any CPU
		{AAE640F3-903B-43F3-AF05-5CDAD5023108}.Debug|Any CPU.Build.0 = Debug|Any CPU
		{AAE640F3-903B-43F3-AF05-5CDAD5023108}.Release|Any CPU.ActiveCfg = Release|Any CPU
		{AAE640F3-903B-43F3-AF05-5CDAD5023108}.Release|Any CPU.Build.0 = Release|Any CPU
		{8DA0BAC8-ABC2-4575-BB1D-FEE44C559A88}.Debug|Any CPU.ActiveCfg = Debug|Any CPU
		{8DA0BAC8-ABC2-4575-BB1D-FEE44C559A88}.Debug|Any CPU.Build.0 = Debug|Any CPU
		{8DA0BAC8-ABC2-4575-BB1D-FEE44C559A88}.Release|Any CPU.ActiveCfg = Release|Any CPU
		{8DA0BAC8-ABC2-4575-BB1D-FEE44C559A88}.Release|Any CPU.Build.0 = Release|Any CPU
		{D0EE321E-0BFF-48EC-9319-4521A1DB8A67}.Debug|Any CPU.ActiveCfg = Debug|Any CPU
		{D0EE321E-0BFF-48EC-9319-4521A1DB8A67}.Debug|Any CPU.Build.0 = Debug|Any CPU
		{D0EE321E-0BFF-48EC-9319-4521A1DB8A67}.Release|Any CPU.ActiveCfg = Release|Any CPU
		{D0EE321E-0BFF-48EC-9319-4521A1DB8A67}.Release|Any CPU.Build.0 = Release|Any CPU
		{16A50D00-6B14-497F-8659-98BD25BFA3CF}.Debug|Any CPU.ActiveCfg = Debug|Any CPU
		{16A50D00-6B14-497F-8659-98BD25BFA3CF}.Debug|Any CPU.Build.0 = Debug|Any CPU
		{16A50D00-6B14-497F-8659-98BD25BFA3CF}.Release|Any CPU.ActiveCfg = Release|Any CPU
		{16A50D00-6B14-497F-8659-98BD25BFA3CF}.Release|Any CPU.Build.0 = Release|Any CPU
		{0F080A6F-8F6F-4907-991F-9CD0FDD35F99}.Debug|Any CPU.ActiveCfg = Debug|Any CPU
		{0F080A6F-8F6F-4907-991F-9CD0FDD35F99}.Debug|Any CPU.Build.0 = Debug|Any CPU
		{0F080A6F-8F6F-4907-991F-9CD0FDD35F99}.Release|Any CPU.ActiveCfg = Release|Any CPU
		{0F080A6F-8F6F-4907-991F-9CD0FDD35F99}.Release|Any CPU.Build.0 = Release|Any CPU
		{9AD453A3-FA86-4520-A3B9-F4F9D9826FD3}.Debug|Any CPU.ActiveCfg = Debug|Any CPU
		{9AD453A3-FA86-4520-A3B9-F4F9D9826FD3}.Debug|Any CPU.Build.0 = Debug|Any CPU
		{9AD453A3-FA86-4520-A3B9-F4F9D9826FD3}.Release|Any CPU.ActiveCfg = Release|Any CPU
		{9AD453A3-FA86-4520-A3B9-F4F9D9826FD3}.Release|Any CPU.Build.0 = Release|Any CPU
		{BFB8A783-F7ED-4966-8196-A485B746D3C1}.Debug|Any CPU.ActiveCfg = Debug|Any CPU
		{BFB8A783-F7ED-4966-8196-A485B746D3C1}.Debug|Any CPU.Build.0 = Debug|Any CPU
		{BFB8A783-F7ED-4966-8196-A485B746D3C1}.Release|Any CPU.ActiveCfg = Release|Any CPU
		{BFB8A783-F7ED-4966-8196-A485B746D3C1}.Release|Any CPU.Build.0 = Release|Any CPU
		{741D4DAE-F4C7-4BA1-9BC7-015E201FDE2A}.Debug|Any CPU.ActiveCfg = Debug|Any CPU
		{741D4DAE-F4C7-4BA1-9BC7-015E201FDE2A}.Debug|Any CPU.Build.0 = Debug|Any CPU
		{741D4DAE-F4C7-4BA1-9BC7-015E201FDE2A}.Release|Any CPU.ActiveCfg = Release|Any CPU
		{741D4DAE-F4C7-4BA1-9BC7-015E201FDE2A}.Release|Any CPU.Build.0 = Release|Any CPU
		{C2F1CEB2-D74A-4AE8-8469-74513C213676}.Debug|Any CPU.ActiveCfg = Debug|Any CPU
		{C2F1CEB2-D74A-4AE8-8469-74513C213676}.Debug|Any CPU.Build.0 = Debug|Any CPU
		{C2F1CEB2-D74A-4AE8-8469-74513C213676}.Release|Any CPU.ActiveCfg = Release|Any CPU
		{C2F1CEB2-D74A-4AE8-8469-74513C213676}.Release|Any CPU.Build.0 = Release|Any CPU
		{D57534E6-C9C6-4003-AC5D-44A88284B4C5}.Debug|Any CPU.ActiveCfg = Debug|Any CPU
		{D57534E6-C9C6-4003-AC5D-44A88284B4C5}.Debug|Any CPU.Build.0 = Debug|Any CPU
		{D57534E6-C9C6-4003-AC5D-44A88284B4C5}.Release|Any CPU.ActiveCfg = Release|Any CPU
		{D57534E6-C9C6-4003-AC5D-44A88284B4C5}.Release|Any CPU.Build.0 = Release|Any CPU
		{59D302B7-9DDE-406E-8345-0DA10CF9CA3E}.Debug|Any CPU.ActiveCfg = Debug|Any CPU
		{59D302B7-9DDE-406E-8345-0DA10CF9CA3E}.Debug|Any CPU.Build.0 = Debug|Any CPU
		{59D302B7-9DDE-406E-8345-0DA10CF9CA3E}.Release|Any CPU.ActiveCfg = Release|Any CPU
		{59D302B7-9DDE-406E-8345-0DA10CF9CA3E}.Release|Any CPU.Build.0 = Release|Any CPU
		{C560AE63-BD8B-45EC-9383-075FECE345F4}.Debug|Any CPU.ActiveCfg = Debug|Any CPU
		{C560AE63-BD8B-45EC-9383-075FECE345F4}.Debug|Any CPU.Build.0 = Debug|Any CPU
		{C560AE63-BD8B-45EC-9383-075FECE345F4}.Release|Any CPU.ActiveCfg = Release|Any CPU
		{C560AE63-BD8B-45EC-9383-075FECE345F4}.Release|Any CPU.Build.0 = Release|Any CPU
		{24CC91AA-B17C-4C51-88BB-F4B28382ADA2}.Debug|Any CPU.ActiveCfg = Debug|Any CPU
		{24CC91AA-B17C-4C51-88BB-F4B28382ADA2}.Debug|Any CPU.Build.0 = Debug|Any CPU
		{24CC91AA-B17C-4C51-88BB-F4B28382ADA2}.Release|Any CPU.ActiveCfg = Release|Any CPU
		{24CC91AA-B17C-4C51-88BB-F4B28382ADA2}.Release|Any CPU.Build.0 = Release|Any CPU
		{8BABD4E4-983D-4FFE-8F87-7200B55FF359}.Debug|Any CPU.ActiveCfg = Debug|Any CPU
		{8BABD4E4-983D-4FFE-8F87-7200B55FF359}.Debug|Any CPU.Build.0 = Debug|Any CPU
		{8BABD4E4-983D-4FFE-8F87-7200B55FF359}.Release|Any CPU.ActiveCfg = Release|Any CPU
		{8BABD4E4-983D-4FFE-8F87-7200B55FF359}.Release|Any CPU.Build.0 = Release|Any CPU
		{6250C186-8238-44F7-8B15-07C4D9DD78AF}.Debug|Any CPU.ActiveCfg = Debug|Any CPU
		{6250C186-8238-44F7-8B15-07C4D9DD78AF}.Debug|Any CPU.Build.0 = Debug|Any CPU
		{6250C186-8238-44F7-8B15-07C4D9DD78AF}.Release|Any CPU.ActiveCfg = Release|Any CPU
		{6250C186-8238-44F7-8B15-07C4D9DD78AF}.Release|Any CPU.Build.0 = Release|Any CPU
		{1B5FB6BD-2D6A-4CC1-9998-B02D7E034BFB}.Debug|Any CPU.ActiveCfg = Debug|Any CPU
		{1B5FB6BD-2D6A-4CC1-9998-B02D7E034BFB}.Debug|Any CPU.Build.0 = Debug|Any CPU
		{1B5FB6BD-2D6A-4CC1-9998-B02D7E034BFB}.Release|Any CPU.ActiveCfg = Release|Any CPU
		{1B5FB6BD-2D6A-4CC1-9998-B02D7E034BFB}.Release|Any CPU.Build.0 = Release|Any CPU
		{2312D632-B07D-4429-9745-D7E228FD93B3}.Debug|Any CPU.ActiveCfg = Debug|Any CPU
		{2312D632-B07D-4429-9745-D7E228FD93B3}.Debug|Any CPU.Build.0 = Debug|Any CPU
		{2312D632-B07D-4429-9745-D7E228FD93B3}.Release|Any CPU.ActiveCfg = Release|Any CPU
		{2312D632-B07D-4429-9745-D7E228FD93B3}.Release|Any CPU.Build.0 = Release|Any CPU
		{E191D1A2-77D9-4E44-910F-A7DFB3E93142}.Debug|Any CPU.ActiveCfg = Debug|Any CPU
		{E191D1A2-77D9-4E44-910F-A7DFB3E93142}.Debug|Any CPU.Build.0 = Debug|Any CPU
		{E191D1A2-77D9-4E44-910F-A7DFB3E93142}.Release|Any CPU.ActiveCfg = Release|Any CPU
		{E191D1A2-77D9-4E44-910F-A7DFB3E93142}.Release|Any CPU.Build.0 = Release|Any CPU
		{438881BB-0FD3-4740-BAB7-4727E4C7861E}.Debug|Any CPU.ActiveCfg = Debug|Any CPU
		{438881BB-0FD3-4740-BAB7-4727E4C7861E}.Debug|Any CPU.Build.0 = Debug|Any CPU
		{438881BB-0FD3-4740-BAB7-4727E4C7861E}.Release|Any CPU.ActiveCfg = Release|Any CPU
		{438881BB-0FD3-4740-BAB7-4727E4C7861E}.Release|Any CPU.Build.0 = Release|Any CPU
		{A186D277-39A8-42EE-8CED-A6400CE3755C}.Debug|Any CPU.ActiveCfg = Debug|Any CPU
		{A186D277-39A8-42EE-8CED-A6400CE3755C}.Debug|Any CPU.Build.0 = Debug|Any CPU
		{A186D277-39A8-42EE-8CED-A6400CE3755C}.Release|Any CPU.ActiveCfg = Release|Any CPU
		{A186D277-39A8-42EE-8CED-A6400CE3755C}.Release|Any CPU.Build.0 = Release|Any CPU
		{B1B61F77-AEC9-4657-86CB-8BE27587B214}.Debug|Any CPU.ActiveCfg = Debug|Any CPU
		{B1B61F77-AEC9-4657-86CB-8BE27587B214}.Debug|Any CPU.Build.0 = Debug|Any CPU
		{B1B61F77-AEC9-4657-86CB-8BE27587B214}.Release|Any CPU.ActiveCfg = Release|Any CPU
		{B1B61F77-AEC9-4657-86CB-8BE27587B214}.Release|Any CPU.Build.0 = Release|Any CPU
		{758396D8-3FC5-464F-8C60-A5DBD683A777}.Debug|Any CPU.ActiveCfg = Debug|Any CPU
		{758396D8-3FC5-464F-8C60-A5DBD683A777}.Debug|Any CPU.Build.0 = Debug|Any CPU
		{758396D8-3FC5-464F-8C60-A5DBD683A777}.Release|Any CPU.ActiveCfg = Release|Any CPU
		{758396D8-3FC5-464F-8C60-A5DBD683A777}.Release|Any CPU.Build.0 = Release|Any CPU
		{BE542313-5356-40FF-9B34-3E996E6B798E}.Debug|Any CPU.ActiveCfg = Debug|Any CPU
		{BE542313-5356-40FF-9B34-3E996E6B798E}.Debug|Any CPU.Build.0 = Debug|Any CPU
		{BE542313-5356-40FF-9B34-3E996E6B798E}.Release|Any CPU.ActiveCfg = Release|Any CPU
		{BE542313-5356-40FF-9B34-3E996E6B798E}.Release|Any CPU.Build.0 = Release|Any CPU
		{1DCDEAEE-4669-404A-90A6-D96AC93D58D5}.Debug|Any CPU.ActiveCfg = Debug|Any CPU
		{1DCDEAEE-4669-404A-90A6-D96AC93D58D5}.Debug|Any CPU.Build.0 = Debug|Any CPU
		{1DCDEAEE-4669-404A-90A6-D96AC93D58D5}.Release|Any CPU.ActiveCfg = Release|Any CPU
		{1DCDEAEE-4669-404A-90A6-D96AC93D58D5}.Release|Any CPU.Build.0 = Release|Any CPU
		{148EECE6-F6D1-4A78-B6F2-19FC23EDCDC0}.Debug|Any CPU.ActiveCfg = Debug|Any CPU
		{148EECE6-F6D1-4A78-B6F2-19FC23EDCDC0}.Debug|Any CPU.Build.0 = Debug|Any CPU
		{148EECE6-F6D1-4A78-B6F2-19FC23EDCDC0}.Release|Any CPU.ActiveCfg = Release|Any CPU
		{148EECE6-F6D1-4A78-B6F2-19FC23EDCDC0}.Release|Any CPU.Build.0 = Release|Any CPU
		{7B483D7C-614A-4FF6-AFAE-68AB1D155CDC}.Debug|Any CPU.ActiveCfg = Debug|Any CPU
		{7B483D7C-614A-4FF6-AFAE-68AB1D155CDC}.Debug|Any CPU.Build.0 = Debug|Any CPU
		{7B483D7C-614A-4FF6-AFAE-68AB1D155CDC}.Release|Any CPU.ActiveCfg = Release|Any CPU
		{7B483D7C-614A-4FF6-AFAE-68AB1D155CDC}.Release|Any CPU.Build.0 = Release|Any CPU
		{A9E9C37E-4948-445C-8905-982CD34C7B8B}.Debug|Any CPU.ActiveCfg = Debug|Any CPU
		{A9E9C37E-4948-445C-8905-982CD34C7B8B}.Debug|Any CPU.Build.0 = Debug|Any CPU
		{A9E9C37E-4948-445C-8905-982CD34C7B8B}.Release|Any CPU.ActiveCfg = Release|Any CPU
		{A9E9C37E-4948-445C-8905-982CD34C7B8B}.Release|Any CPU.Build.0 = Release|Any CPU
		{C57546CF-86E9-486B-8766-319B6064A350}.Debug|Any CPU.ActiveCfg = Debug|Any CPU
		{C57546CF-86E9-486B-8766-319B6064A350}.Debug|Any CPU.Build.0 = Debug|Any CPU
		{C57546CF-86E9-486B-8766-319B6064A350}.Release|Any CPU.ActiveCfg = Release|Any CPU
		{C57546CF-86E9-486B-8766-319B6064A350}.Release|Any CPU.Build.0 = Release|Any CPU
		{EB3A9D7A-598F-422E-89C8-81EEB1FD2B2D}.Debug|Any CPU.ActiveCfg = Debug|Any CPU
		{EB3A9D7A-598F-422E-89C8-81EEB1FD2B2D}.Debug|Any CPU.Build.0 = Debug|Any CPU
		{EB3A9D7A-598F-422E-89C8-81EEB1FD2B2D}.Release|Any CPU.ActiveCfg = Release|Any CPU
		{EB3A9D7A-598F-422E-89C8-81EEB1FD2B2D}.Release|Any CPU.Build.0 = Release|Any CPU
		{18990BBB-E98F-4D9C-A947-E45DC1293390}.Debug|Any CPU.ActiveCfg = Debug|Any CPU
		{18990BBB-E98F-4D9C-A947-E45DC1293390}.Debug|Any CPU.Build.0 = Debug|Any CPU
		{18990BBB-E98F-4D9C-A947-E45DC1293390}.Release|Any CPU.ActiveCfg = Release|Any CPU
		{18990BBB-E98F-4D9C-A947-E45DC1293390}.Release|Any CPU.Build.0 = Release|Any CPU
		{87F49F13-020C-4159-ABAA-0711F51CA2BB}.Debug|Any CPU.ActiveCfg = Debug|Any CPU
		{87F49F13-020C-4159-ABAA-0711F51CA2BB}.Debug|Any CPU.Build.0 = Debug|Any CPU
		{87F49F13-020C-4159-ABAA-0711F51CA2BB}.Release|Any CPU.ActiveCfg = Release|Any CPU
		{87F49F13-020C-4159-ABAA-0711F51CA2BB}.Release|Any CPU.Build.0 = Release|Any CPU
		{4E55C0A2-9E7B-4948-AC5B-64FC345B4875}.Debug|Any CPU.ActiveCfg = Debug|Any CPU
		{4E55C0A2-9E7B-4948-AC5B-64FC345B4875}.Debug|Any CPU.Build.0 = Debug|Any CPU
		{4E55C0A2-9E7B-4948-AC5B-64FC345B4875}.Release|Any CPU.ActiveCfg = Release|Any CPU
		{4E55C0A2-9E7B-4948-AC5B-64FC345B4875}.Release|Any CPU.Build.0 = Release|Any CPU
		{B16E5F5D-8618-414B-B771-EAD5BE5E0879}.Debug|Any CPU.ActiveCfg = Debug|Any CPU
		{B16E5F5D-8618-414B-B771-EAD5BE5E0879}.Debug|Any CPU.Build.0 = Debug|Any CPU
		{B16E5F5D-8618-414B-B771-EAD5BE5E0879}.Release|Any CPU.ActiveCfg = Release|Any CPU
		{B16E5F5D-8618-414B-B771-EAD5BE5E0879}.Release|Any CPU.Build.0 = Release|Any CPU
	EndGlobalSection
	GlobalSection(SolutionProperties) = preSolution
		HideSolutionNode = FALSE
	EndGlobalSection
	GlobalSection(NestedProjects) = preSolution
		{59D302B7-9DDE-406E-8345-0DA10CF9CA3E} = {99AE7C07-8150-470D-9E28-6D1EA015650A}
		{C560AE63-BD8B-45EC-9383-075FECE345F4} = {DBBB8A58-E29B-44E3-BDEE-BA56212EA8EB}
		{24CC91AA-B17C-4C51-88BB-F4B28382ADA2} = {509F8094-BB22-41F0-9389-7AFB0EE757FF}
		{1B5FB6BD-2D6A-4CC1-9998-B02D7E034BFB} = {D1CFBE12-2331-43CE-BC11-D017EC9750D6}
		{E191D1A2-77D9-4E44-910F-A7DFB3E93142} = {E14AE79E-F57D-494D-839E-B42CBCF06ADD}
		{438881BB-0FD3-4740-BAB7-4727E4C7861E} = {E14A5D45-EBCF-44E3-A9A9-4A20ADCEC6D6}
		{758396D8-3FC5-464F-8C60-A5DBD683A777} = {C2D94052-E999-4F30-9E04-63D3B43328BD}
		{BE542313-5356-40FF-9B34-3E996E6B798E} = {C2D94052-E999-4F30-9E04-63D3B43328BD}
		{1DCDEAEE-4669-404A-90A6-D96AC93D58D5} = {C2D94052-E999-4F30-9E04-63D3B43328BD}
		{148EECE6-F6D1-4A78-B6F2-19FC23EDCDC0} = {C2D94052-E999-4F30-9E04-63D3B43328BD}
		{7B483D7C-614A-4FF6-AFAE-68AB1D155CDC} = {E14A5D45-EBCF-44E3-A9A9-4A20ADCEC6D6}
		{A9E9C37E-4948-445C-8905-982CD34C7B8B} = {E402A391-9684-459A-9D7F-9B42A47ED934}
	EndGlobalSection
	GlobalSection(ExtensibilityGlobals) = postSolution
		SolutionGuid = {28BB1986-0B82-456B-9B8B-C50538CFBBF4}
	EndGlobalSection
EndGlobal
