
Microsoft Visual Studio Solution File, Format Version 12.00
# Visual Studio Version 17
VisualStudioVersion = 17.2.32630.192
MinimumVisualStudioVersion = 10.0.40219.1
Project("{9A19103F-16F7-4668-BE54-9A1E7A4F7556}") = "MVC1", "MVC1\MVC1.csproj", "{64658D3D-A58E-4D80-B6A0-1C9CD6871E7D}"
EndProject
Project("{FAE04EC0-301F-11D3-BF4B-00C04F79EFBC}") = "WebApplication1", "WebApplication1\WebApplication1.csproj", "{A4C6D48F-0AC2-453C-8F16-8392764171DC}"
EndProject
Project("{FAE04EC0-301F-11D3-BF4B-00C04F79EFBC}") = "WebApplication2", "WebApplication2\WebApplication2.csproj", "{403DC3F3-5286-46D9-BB2A-ACF40CB9764A}"
EndProject
Global
	GlobalSection(SolutionConfigurationPlatforms) = preSolution
		Debug|Any CPU = Debug|Any CPU
		Release|Any CPU = Release|Any CPU
	EndGlobalSection
	GlobalSection(ProjectConfigurationPlatforms) = postSolution
		{64658D3D-A58E-4D80-B6A0-1C9CD6871E7D}.Debug|Any CPU.ActiveCfg = Debug|Any CPU
		{64658D3D-A58E-4D80-B6A0-1C9CD6871E7D}.Debug|Any CPU.Build.0 = Debug|Any CPU
		{64658D3D-A58E-4D80-B6A0-1C9CD6871E7D}.Release|Any CPU.ActiveCfg = Release|Any CPU
		{64658D3D-A58E-4D80-B6A0-1C9CD6871E7D}.Release|Any CPU.Build.0 = Release|Any CPU
		{A4C6D48F-0AC2-453C-8F16-8392764171DC}.Debug|Any CPU.ActiveCfg = Debug|Any CPU
		{A4C6D48F-0AC2-453C-8F16-8392764171DC}.Debug|Any CPU.Build.0 = Debug|Any CPU
		{A4C6D48F-0AC2-453C-8F16-8392764171DC}.Release|Any CPU.ActiveCfg = Release|Any CPU
		{A4C6D48F-0AC2-453C-8F16-8392764171DC}.Release|Any CPU.Build.0 = Release|Any CPU
		{403DC3F3-5286-46D9-BB2A-ACF40CB9764A}.Debug|Any CPU.ActiveCfg = Debug|Any CPU
		{403DC3F3-5286-46D9-BB2A-ACF40CB9764A}.Debug|Any CPU.Build.0 = Debug|Any CPU
		{403DC3F3-5286-46D9-BB2A-ACF40CB9764A}.Release|Any CPU.ActiveCfg = Release|Any CPU
		{403DC3F3-5286-46D9-BB2A-ACF40CB9764A}.Release|Any CPU.Build.0 = Release|Any CPU
	EndGlobalSection
	GlobalSection(SolutionProperties) = preSolution
		HideSolutionNode = FALSE
	EndGlobalSection
	GlobalSection(ExtensibilityGlobals) = postSolution
		SolutionGuid = {231768D5-7155-4617-86DD-A078E5DEF55D}
	EndGlobalSection
EndGlobal
